
Microsoft Visual Studio Solution File, Format Version 12.00
# Visual Studio Version 17
VisualStudioVersion = 17.6.33723.286
MinimumVisualStudioVersion = 10.0.40219.1
Project("{FAE04EC0-301F-11D3-BF4B-00C04F79EFBC}") = "Binding", "Binding\Binding.csproj", "{B8ED831C-0738-4468-AE1F-20AEC716FED2}"
EndProject
Global
	GlobalSection(SolutionConfigurationPlatforms) = preSolution
		Debug|Any CPU = Debug|Any CPU
		Release|Any CPU = Release|Any CPU
	EndGlobalSection
	GlobalSection(ProjectConfigurationPlatforms) = postSolution
		{B8ED831C-0738-4468-AE1F-20AEC716FED2}.Debug|Any CPU.ActiveCfg = Debug|Any CPU
		{B8ED831C-0738-4468-AE1F-20AEC716FED2}.Debug|Any CPU.Build.0 = Debug|Any CPU
		{B8ED831C-0738-4468-AE1F-20AEC716FED2}.Release|Any CPU.ActiveCfg = Release|Any CPU
		{B8ED831C-0738-4468-AE1F-20AEC716FED2}.Release|Any CPU.Build.0 = Release|Any CPU
	EndGlobalSection
	GlobalSection(SolutionProperties) = preSolution
		HideSolutionNode = FALSE
	EndGlobalSection
	GlobalSection(ExtensibilityGlobals) = postSolution
		SolutionGuid = {90A6B5DC-336B-4E45-931C-F997021E2377}
	EndGlobalSection
EndGlobal
